
Microsoft Visual Studio Solution File, Format Version 12.00
# Visual Studio 15
VisualStudioVersion = 15.0.28307.1145
MinimumVisualStudioVersion = 10.0.40219.1
Project("{159641D6-6404-4A2A-AE62-294DE0FE8301}") = "MSBI_Training", "MSBI_Training\MSBI_Training.dtproj", "{2EB22794-166E-48DF-A234-2661893F1EF9}"
EndProject
Global
	GlobalSection(SolutionConfigurationPlatforms) = preSolution
		Development|Default = Development|Default
	EndGlobalSection
	GlobalSection(ProjectConfigurationPlatforms) = postSolution
		{2EB22794-166E-48DF-A234-2661893F1EF9}.Development|Default.ActiveCfg = Development
		{2EB22794-166E-48DF-A234-2661893F1EF9}.Development|Default.Build.0 = Development
	EndGlobalSection
	GlobalSection(SolutionProperties) = preSolution
		HideSolutionNode = FALSE
	EndGlobalSection
	GlobalSection(ExtensibilityGlobals) = postSolution
		SolutionGuid = {1F77FC05-3B03-4BC6-BB95-DC4CE9973EFC}
	EndGlobalSection
EndGlobal
